{
  "name": "atp-pointfree",
  "version": "0.11.0",
  "lockfileVersion": 1,
  "requires": true,
  "dependencies": {
    "type-of": {
      "version": "2.0.1",
      "resolved": "https://registry.npmjs.org/type-of/-/type-of-2.0.1.tgz",
      "integrity": "sha1-5yoXQYllaOn2KDeNgW1pEvfyOXI="
    }
  }
}
